
Microsoft Visual Studio Solution File, Format Version 12.00
# Visual Studio 15
VisualStudioVersion = 15.0.28010.2048
MinimumVisualStudioVersion = 10.0.40219.1
Project("{FAE04EC0-301F-11D3-BF4B-00C04F79EFBC}") = "CSharpHomeworkProject1", "CSharpHomeworkProject1\CSharpHomeworkProject1.csproj", "{33476DE8-0346-4EAF-A2ED-A5068B955529}"
EndProject
Project("{FAE04EC0-301F-11D3-BF4B-00C04F79EFBC}") = "CSharpHomeworkProject2", "CSharpHomeworkProject2\CSharpHomeworkProject2.csproj", "{387A9D14-ECCE-4401-8A91-729F80E8DF55}"
EndProject
Global
	GlobalSection(SolutionConfigurationPlatforms) = preSolution
		Debug|Any CPU = Debug|Any CPU
		Release|Any CPU = Release|Any CPU
	EndGlobalSection
	GlobalSection(ProjectConfigurationPlatforms) = postSolution
		{33476DE8-0346-4EAF-A2ED-A5068B955529}.Debug|Any CPU.ActiveCfg = Debug|Any CPU
		{33476DE8-0346-4EAF-A2ED-A5068B955529}.Debug|Any CPU.Build.0 = Debug|Any CPU
		{33476DE8-0346-4EAF-A2ED-A5068B955529}.Release|Any CPU.ActiveCfg = Release|Any CPU
		{33476DE8-0346-4EAF-A2ED-A5068B955529}.Release|Any CPU.Build.0 = Release|Any CPU
		{387A9D14-ECCE-4401-8A91-729F80E8DF55}.Debug|Any CPU.ActiveCfg = Debug|Any CPU
		{387A9D14-ECCE-4401-8A91-729F80E8DF55}.Debug|Any CPU.Build.0 = Debug|Any CPU
		{387A9D14-ECCE-4401-8A91-729F80E8DF55}.Release|Any CPU.ActiveCfg = Release|Any CPU
		{387A9D14-ECCE-4401-8A91-729F80E8DF55}.Release|Any CPU.Build.0 = Release|Any CPU
	EndGlobalSection
	GlobalSection(SolutionProperties) = preSolution
		HideSolutionNode = FALSE
	EndGlobalSection
	GlobalSection(ExtensibilityGlobals) = postSolution
		SolutionGuid = {112AE4EB-E77E-4D6F-939E-BA505FAF8841}
	EndGlobalSection
EndGlobal
