
Microsoft Visual Studio Solution File, Format Version 12.00
# Visual Studio 15
VisualStudioVersion = 15.0.27703.2042
MinimumVisualStudioVersion = 10.0.40219.1
Project("{FAE04EC0-301F-11D3-BF4B-00C04F79EFBC}") = "CSharpHomeworkProject1", "CSharpHomeworkWeek2\CSharpHomeworkProject1.csproj", "{1465F11A-DA4E-412E-86B6-66178B63B01A}"
EndProject
Project("{FAE04EC0-301F-11D3-BF4B-00C04F79EFBC}") = "CSharpHomeworkProject2", "ConsoleApp1\CSharpHomeworkProject2.csproj", "{1450410F-EB5E-4164-AEEB-7DC5DF6E1E7F}"
EndProject
Project("{FAE04EC0-301F-11D3-BF4B-00C04F79EFBC}") = "CSharpHomeworkProject3", "CSharpHomeworkProject3\CSharpHomeworkProject3.csproj", "{228EE592-9000-4584-95D7-2E9C982900CA}"
EndProject
Global
	GlobalSection(SolutionConfigurationPlatforms) = preSolution
		Debug|Any CPU = Debug|Any CPU
		Release|Any CPU = Release|Any CPU
	EndGlobalSection
	GlobalSection(ProjectConfigurationPlatforms) = postSolution
		{1465F11A-DA4E-412E-86B6-66178B63B01A}.Debug|Any CPU.ActiveCfg = Debug|Any CPU
		{1465F11A-DA4E-412E-86B6-66178B63B01A}.Debug|Any CPU.Build.0 = Debug|Any CPU
		{1465F11A-DA4E-412E-86B6-66178B63B01A}.Release|Any CPU.ActiveCfg = Release|Any CPU
		{1465F11A-DA4E-412E-86B6-66178B63B01A}.Release|Any CPU.Build.0 = Release|Any CPU
		{1450410F-EB5E-4164-AEEB-7DC5DF6E1E7F}.Debug|Any CPU.ActiveCfg = Debug|Any CPU
		{1450410F-EB5E-4164-AEEB-7DC5DF6E1E7F}.Debug|Any CPU.Build.0 = Debug|Any CPU
		{1450410F-EB5E-4164-AEEB-7DC5DF6E1E7F}.Release|Any CPU.ActiveCfg = Release|Any CPU
		{1450410F-EB5E-4164-AEEB-7DC5DF6E1E7F}.Release|Any CPU.Build.0 = Release|Any CPU
		{228EE592-9000-4584-95D7-2E9C982900CA}.Debug|Any CPU.ActiveCfg = Debug|Any CPU
		{228EE592-9000-4584-95D7-2E9C982900CA}.Debug|Any CPU.Build.0 = Debug|Any CPU
		{228EE592-9000-4584-95D7-2E9C982900CA}.Release|Any CPU.ActiveCfg = Release|Any CPU
		{228EE592-9000-4584-95D7-2E9C982900CA}.Release|Any CPU.Build.0 = Release|Any CPU
	EndGlobalSection
	GlobalSection(SolutionProperties) = preSolution
		HideSolutionNode = FALSE
	EndGlobalSection
	GlobalSection(ExtensibilityGlobals) = postSolution
		SolutionGuid = {7240B21B-5526-4B0B-ACD6-AC48C5588A43}
	EndGlobalSection
EndGlobal
